
Microsoft Visual Studio Solution File, Format Version 12.00
# Visual Studio Version 17
VisualStudioVersion = 17.5.002.0
MinimumVisualStudioVersion = 10.0.40219.1
Project("{9A19103F-16F7-4668-BE54-9A1E7A4F7556}") = "Parser", "Parser.csproj", "{692ED43C-C994-4C0B-93EA-2639FB13F7A6}"
EndProject
Global
	GlobalSection(SolutionConfigurationPlatforms) = preSolution
		Debug|Any CPU = Debug|Any CPU
		Release|Any CPU = Release|Any CPU
	EndGlobalSection
	GlobalSection(ProjectConfigurationPlatforms) = postSolution
		{692ED43C-C994-4C0B-93EA-2639FB13F7A6}.Debug|Any CPU.ActiveCfg = Debug|Any CPU
		{692ED43C-C994-4C0B-93EA-2639FB13F7A6}.Debug|Any CPU.Build.0 = Debug|Any CPU
		{692ED43C-C994-4C0B-93EA-2639FB13F7A6}.Release|Any CPU.ActiveCfg = Release|Any CPU
		{692ED43C-C994-4C0B-93EA-2639FB13F7A6}.Release|Any CPU.Build.0 = Release|Any CPU
	EndGlobalSection
	GlobalSection(SolutionProperties) = preSolution
		HideSolutionNode = FALSE
	EndGlobalSection
	GlobalSection(ExtensibilityGlobals) = postSolution
		SolutionGuid = {934D85CC-AAB4-4C1D-AB95-2D70F4FA1BE5}
	EndGlobalSection
EndGlobal
